// !$*UTF8*$!
{
	archiveVersion = 1;
	classes = {
	};
	objectVersion = 56;
	objects = {

/* Begin PBXBuildFile section */
		1AD0CC292C48348600095518 /* AppDelegate.swift in Sources */ = {isa = PBXBuildFile; fileRef = 1AD0CC282C48348600095518 /* AppDelegate.swift */; };
		1AD0CC2B2C48348600095518 /* SceneDelegate.swift in Sources */ = {isa = PBXBuildFile; fileRef = 1AD0CC2A2C48348600095518 /* SceneDelegate.swift */; };
		1AD0CC2D2C48348600095518 /* HomeViewController.swift in Sources */ = {isa = PBXBuildFile; fileRef = 1AD0CC2C2C48348600095518 /* HomeViewController.swift */; };
		1AD0CC322C48348C00095518 /* Assets.xcassets in Resources */ = {isa = PBXBuildFile; fileRef = 1AD0CC312C48348C00095518 /* Assets.xcassets */; };
		1AD0CC352C48348C00095518 /* Base in Resources */ = {isa = PBXBuildFile; fileRef = 1AD0CC342C48348C00095518 /* Base */; };
		1AE658C92C4860260048B1D1 /* TabBarViewController.swift in Sources */ = {isa = PBXBuildFile; fileRef = 1AE658C82C4860260048B1D1 /* TabBarViewController.swift */; };
		1AE658CB2C4860850048B1D1 /* SearchViewController.swift in Sources */ = {isa = PBXBuildFile; fileRef = 1AE658CA2C4860850048B1D1 /* SearchViewController.swift */; };
		1AE658CD2C4860A20048B1D1 /* LibraryViewController.swift in Sources */ = {isa = PBXBuildFile; fileRef = 1AE658CC2C4860A20048B1D1 /* LibraryViewController.swift */; };
		1AE658D22C4861DF0048B1D1 /* AuthViewController.swift in Sources */ = {isa = PBXBuildFile; fileRef = 1AE658D12C4861DF0048B1D1 /* AuthViewController.swift */; };
		1AE658D42C4862320048B1D1 /* WelcomeViewController.swift in Sources */ = {isa = PBXBuildFile; fileRef = 1AE658D32C4862320048B1D1 /* WelcomeViewController.swift */; };
		1AE658D62C48624C0048B1D1 /* SettingsViewController.swift in Sources */ = {isa = PBXBuildFile; fileRef = 1AE658D52C48624C0048B1D1 /* SettingsViewController.swift */; };
		1AE658D82C4862660048B1D1 /* ProfileViewController.swift in Sources */ = {isa = PBXBuildFile; fileRef = 1AE658D72C4862660048B1D1 /* ProfileViewController.swift */; };
		1AE658DA2C48628A0048B1D1 /* PlayerViewController.swift in Sources */ = {isa = PBXBuildFile; fileRef = 1AE658D92C48628A0048B1D1 /* PlayerViewController.swift */; };
		1AE658DC2C4862A80048B1D1 /* PlaylistViewController.swift in Sources */ = {isa = PBXBuildFile; fileRef = 1AE658DB2C4862A80048B1D1 /* PlaylistViewController.swift */; };
		1AE658DE2C4862B20048B1D1 /* SearchResultsViewController.swift in Sources */ = {isa = PBXBuildFile; fileRef = 1AE658DD2C4862B20048B1D1 /* SearchResultsViewController.swift */; };
		1AE658E02C4862FB0048B1D1 /* AuthManager.swift in Sources */ = {isa = PBXBuildFile; fileRef = 1AE658DF2C4862FB0048B1D1 /* AuthManager.swift */; };
		1AE658E22C4863230048B1D1 /* APICaller.swift in Sources */ = {isa = PBXBuildFile; fileRef = 1AE658E12C4863230048B1D1 /* APICaller.swift */; };
		1AE658E42C4863350048B1D1 /* HapticsManager.swift in Sources */ = {isa = PBXBuildFile; fileRef = 1AE658E32C4863350048B1D1 /* HapticsManager.swift */; };
		1AE658E62C4863650048B1D1 /* Playlist.swift in Sources */ = {isa = PBXBuildFile; fileRef = 1AE658E52C4863650048B1D1 /* Playlist.swift */; };
		1AE658E82C4863770048B1D1 /* AudioTrack.swift in Sources */ = {isa = PBXBuildFile; fileRef = 1AE658E72C4863770048B1D1 /* AudioTrack.swift */; };
		1AE658EA2C48638C0048B1D1 /* Artist.swift in Sources */ = {isa = PBXBuildFile; fileRef = 1AE658E92C48638C0048B1D1 /* Artist.swift */; };
		1AE658EC2C4863960048B1D1 /* UserProfile.swift in Sources */ = {isa = PBXBuildFile; fileRef = 1AE658EB2C4863960048B1D1 /* UserProfile.swift */; };
/* End PBXBuildFile section */

/* Begin PBXFileReference section */
		1AD0CC252C48348600095518 /* SpotifyClone.app */ = {isa = PBXFileReference; explicitFileType = wrapper.application; includeInIndex = 0; path = SpotifyClone.app; sourceTree = BUILT_PRODUCTS_DIR; };
		1AD0CC282C48348600095518 /* AppDelegate.swift */ = {isa = PBXFileReference; lastKnownFileType = sourcecode.swift; path = AppDelegate.swift; sourceTree = "<group>"; };
		1AD0CC2A2C48348600095518 /* SceneDelegate.swift */ = {isa = PBXFileReference; lastKnownFileType = sourcecode.swift; path = SceneDelegate.swift; sourceTree = "<group>"; };
		1AD0CC2C2C48348600095518 /* HomeViewController.swift */ = {isa = PBXFileReference; lastKnownFileType = sourcecode.swift; path = HomeViewController.swift; sourceTree = "<group>"; };
		1AD0CC312C48348C00095518 /* Assets.xcassets */ = {isa = PBXFileReference; lastKnownFileType = folder.assetcatalog; path = Assets.xcassets; sourceTree = "<group>"; };
		1AD0CC342C48348C00095518 /* Base */ = {isa = PBXFileReference; lastKnownFileType = file.storyboard; name = Base; path = Base.lproj/LaunchScreen.storyboard; sourceTree = "<group>"; };
		1AD0CC362C48348C00095518 /* Info.plist */ = {isa = PBXFileReference; lastKnownFileType = text.plist.xml; path = Info.plist; sourceTree = "<group>"; };
		1AE658C82C4860260048B1D1 /* TabBarViewController.swift */ = {isa = PBXFileReference; lastKnownFileType = sourcecode.swift; path = TabBarViewController.swift; sourceTree = "<group>"; };
		1AE658CA2C4860850048B1D1 /* SearchViewController.swift */ = {isa = PBXFileReference; lastKnownFileType = sourcecode.swift; path = SearchViewController.swift; sourceTree = "<group>"; };
		1AE658CC2C4860A20048B1D1 /* LibraryViewController.swift */ = {isa = PBXFileReference; lastKnownFileType = sourcecode.swift; path = LibraryViewController.swift; sourceTree = "<group>"; };
		1AE658D12C4861DF0048B1D1 /* AuthViewController.swift */ = {isa = PBXFileReference; lastKnownFileType = sourcecode.swift; path = AuthViewController.swift; sourceTree = "<group>"; };
		1AE658D32C4862320048B1D1 /* WelcomeViewController.swift */ = {isa = PBXFileReference; lastKnownFileType = sourcecode.swift; path = WelcomeViewController.swift; sourceTree = "<group>"; };
		1AE658D52C48624C0048B1D1 /* SettingsViewController.swift */ = {isa = PBXFileReference; lastKnownFileType = sourcecode.swift; path = SettingsViewController.swift; sourceTree = "<group>"; };
		1AE658D72C4862660048B1D1 /* ProfileViewController.swift */ = {isa = PBXFileReference; lastKnownFileType = sourcecode.swift; path = ProfileViewController.swift; sourceTree = "<group>"; };
		1AE658D92C48628A0048B1D1 /* PlayerViewController.swift */ = {isa = PBXFileReference; lastKnownFileType = sourcecode.swift; path = PlayerViewController.swift; sourceTree = "<group>"; };
		1AE658DB2C4862A80048B1D1 /* PlaylistViewController.swift */ = {isa = PBXFileReference; lastKnownFileType = sourcecode.swift; path = PlaylistViewController.swift; sourceTree = "<group>"; };
		1AE658DD2C4862B20048B1D1 /* SearchResultsViewController.swift */ = {isa = PBXFileReference; lastKnownFileType = sourcecode.swift; path = SearchResultsViewController.swift; sourceTree = "<group>"; };
		1AE658DF2C4862FB0048B1D1 /* AuthManager.swift */ = {isa = PBXFileReference; lastKnownFileType = sourcecode.swift; path = AuthManager.swift; sourceTree = "<group>"; };
		1AE658E12C4863230048B1D1 /* APICaller.swift */ = {isa = PBXFileReference; lastKnownFileType = sourcecode.swift; path = APICaller.swift; sourceTree = "<group>"; };
		1AE658E32C4863350048B1D1 /* HapticsManager.swift */ = {isa = PBXFileReference; lastKnownFileType = sourcecode.swift; path = HapticsManager.swift; sourceTree = "<group>"; };
		1AE658E52C4863650048B1D1 /* Playlist.swift */ = {isa = PBXFileReference; lastKnownFileType = sourcecode.swift; path = Playlist.swift; sourceTree = "<group>"; };
		1AE658E72C4863770048B1D1 /* AudioTrack.swift */ = {isa = PBXFileReference; lastKnownFileType = sourcecode.swift; path = AudioTrack.swift; sourceTree = "<group>"; };
		1AE658E92C48638C0048B1D1 /* Artist.swift */ = {isa = PBXFileReference; lastKnownFileType = sourcecode.swift; path = Artist.swift; sourceTree = "<group>"; };
		1AE658EB2C4863960048B1D1 /* UserProfile.swift */ = {isa = PBXFileReference; lastKnownFileType = sourcecode.swift; path = UserProfile.swift; sourceTree = "<group>"; };
/* End PBXFileReference section */

/* Begin PBXFrameworksBuildPhase section */
		1AD0CC222C48348600095518 /* Frameworks */ = {
			isa = PBXFrameworksBuildPhase;
			buildActionMask = 2147483647;
			files = (
			);
			runOnlyForDeploymentPostprocessing = 0;
		};
/* End PBXFrameworksBuildPhase section */

/* Begin PBXGroup section */
		1AD0CC1C2C48348600095518 = {
			isa = PBXGroup;
			children = (
				1AD0CC272C48348600095518 /* SpotifyClone */,
				1AD0CC262C48348600095518 /* Products */,
			);
			sourceTree = "<group>";
		};
		1AD0CC262C48348600095518 /* Products */ = {
			isa = PBXGroup;
			children = (
				1AD0CC252C48348600095518 /* SpotifyClone.app */,
			);
			name = Products;
			sourceTree = "<group>";
		};
		1AD0CC272C48348600095518 /* SpotifyClone */ = {
			isa = PBXGroup;
			children = (
				1AD0CC422C483AE600095518 /* Resources */,
				1AD0CC412C483ADF00095518 /* Managers */,
				1AD0CC402C483AD500095518 /* ViewModels */,
				1AD0CC3F2C483AA600095518 /* Models */,
				1AD0CC3E2C483A9300095518 /* Views */,
				1AD0CC3C2C483A7900095518 /* Controllers */,
				1AD0CC312C48348C00095518 /* Assets.xcassets */,
				1AD0CC362C48348C00095518 /* Info.plist */,
			);
			path = SpotifyClone;
			sourceTree = "<group>";
		};
		1AD0CC3C2C483A7900095518 /* Controllers */ = {
			isa = PBXGroup;
			children = (
				1AE658D02C4860FC0048B1D1 /* Other */,
				1AE658CF2C4860E40048B1D1 /* Core */,
			);
			path = Controllers;
			sourceTree = "<group>";
		};
		1AD0CC3E2C483A9300095518 /* Views */ = {
			isa = PBXGroup;
			children = (
				1AD0CC332C48348C00095518 /* LaunchScreen.storyboard */,
			);
			path = Views;
			sourceTree = "<group>";
		};
		1AD0CC3F2C483AA600095518 /* Models */ = {
			isa = PBXGroup;
			children = (
				1AE658E52C4863650048B1D1 /* Playlist.swift */,
				1AE658E72C4863770048B1D1 /* AudioTrack.swift */,
				1AE658E92C48638C0048B1D1 /* Artist.swift */,
				1AE658EB2C4863960048B1D1 /* UserProfile.swift */,
			);
			path = Models;
			sourceTree = "<group>";
		};
		1AD0CC402C483AD500095518 /* ViewModels */ = {
			isa = PBXGroup;
			children = (
			);
			path = ViewModels;
			sourceTree = "<group>";
		};
		1AD0CC412C483ADF00095518 /* Managers */ = {
			isa = PBXGroup;
			children = (
				1AE658DF2C4862FB0048B1D1 /* AuthManager.swift */,
				1AE658E12C4863230048B1D1 /* APICaller.swift */,
				1AE658E32C4863350048B1D1 /* HapticsManager.swift */,
			);
			path = Managers;
			sourceTree = "<group>";
		};
		1AD0CC422C483AE600095518 /* Resources */ = {
			isa = PBXGroup;
			children = (
				1AD0CC282C48348600095518 /* AppDelegate.swift */,
				1AD0CC2A2C48348600095518 /* SceneDelegate.swift */,
			);
			path = Resources;
			sourceTree = "<group>";
		};
		1AE658CF2C4860E40048B1D1 /* Core */ = {
			isa = PBXGroup;
			children = (
				1AE658C82C4860260048B1D1 /* TabBarViewController.swift */,
				1AE658CA2C4860850048B1D1 /* SearchViewController.swift */,
				1AE658CC2C4860A20048B1D1 /* LibraryViewController.swift */,
				1AD0CC2C2C48348600095518 /* HomeViewController.swift */,
			);
			path = Core;
			sourceTree = "<group>";
		};
		1AE658D02C4860FC0048B1D1 /* Other */ = {
			isa = PBXGroup;
			children = (
				1AE658D12C4861DF0048B1D1 /* AuthViewController.swift */,
				1AE658D32C4862320048B1D1 /* WelcomeViewController.swift */,
				1AE658D52C48624C0048B1D1 /* SettingsViewController.swift */,
				1AE658D72C4862660048B1D1 /* ProfileViewController.swift */,
				1AE658D92C48628A0048B1D1 /* PlayerViewController.swift */,
				1AE658DB2C4862A80048B1D1 /* PlaylistViewController.swift */,
				1AE658DD2C4862B20048B1D1 /* SearchResultsViewController.swift */,
			);
			name = Other;
			path = "Otherç";
			sourceTree = "<group>";
		};
/* End PBXGroup section */

/* Begin PBXNativeTarget section */
		1AD0CC242C48348600095518 /* SpotifyClone */ = {
			isa = PBXNativeTarget;
			buildConfigurationList = 1AD0CC392C48348C00095518 /* Build configuration list for PBXNativeTarget "SpotifyClone" */;
			buildPhases = (
				1AD0CC212C48348600095518 /* Sources */,
				1AD0CC222C48348600095518 /* Frameworks */,
				1AD0CC232C48348600095518 /* Resources */,
			);
			buildRules = (
			);
			dependencies = (
			);
			name = SpotifyClone;
			productName = SpotifyClone;
			productReference = 1AD0CC252C48348600095518 /* SpotifyClone.app */;
			productType = "com.apple.product-type.application";
		};
/* End PBXNativeTarget section */

/* Begin PBXProject section */
		1AD0CC1D2C48348600095518 /* Project object */ = {
			isa = PBXProject;
			attributes = {
				BuildIndependentTargetsInParallel = 1;
				LastSwiftUpdateCheck = 1540;
				LastUpgradeCheck = 1540;
				TargetAttributes = {
					1AD0CC242C48348600095518 = {
						CreatedOnToolsVersion = 15.4;
					};
				};
			};
			buildConfigurationList = 1AD0CC202C48348600095518 /* Build configuration list for PBXProject "SpotifyClone" */;
			compatibilityVersion = "Xcode 14.0";
			developmentRegion = en;
			hasScannedForEncodings = 0;
			knownRegions = (
				en,
				Base,
			);
			mainGroup = 1AD0CC1C2C48348600095518;
			productRefGroup = 1AD0CC262C48348600095518 /* Products */;
			projectDirPath = "";
			projectRoot = "";
			targets = (
				1AD0CC242C48348600095518 /* SpotifyClone */,
			);
		};
/* End PBXProject section */

/* Begin PBXResourcesBuildPhase section */
		1AD0CC232C48348600095518 /* Resources */ = {
			isa = PBXResourcesBuildPhase;
			buildActionMask = 2147483647;
			files = (
				1AD0CC322C48348C00095518 /* Assets.xcassets in Resources */,
				1AD0CC352C48348C00095518 /* Base in Resources */,
			);
			runOnlyForDeploymentPostprocessing = 0;
		};
/* End PBXResourcesBuildPhase section */

/* Begin PBXSourcesBuildPhase section */
		1AD0CC212C48348600095518 /* Sources */ = {
			isa = PBXSourcesBuildPhase;
			buildActionMask = 2147483647;
			files = (
				1AE658CB2C4860850048B1D1 /* SearchViewController.swift in Sources */,
				1AE658E62C4863650048B1D1 /* Playlist.swift in Sources */,
				1AE658E22C4863230048B1D1 /* APICaller.swift in Sources */,
				1AE658E02C4862FB0048B1D1 /* AuthManager.swift in Sources */,
				1AE658DE2C4862B20048B1D1 /* SearchResultsViewController.swift in Sources */,
				1AE658D42C4862320048B1D1 /* WelcomeViewController.swift in Sources */,
				1AE658D82C4862660048B1D1 /* ProfileViewController.swift in Sources */,
				1AE658E42C4863350048B1D1 /* HapticsManager.swift in Sources */,
				1AE658E82C4863770048B1D1 /* AudioTrack.swift in Sources */,
				1AE658C92C4860260048B1D1 /* TabBarViewController.swift in Sources */,
				1AD0CC2D2C48348600095518 /* HomeViewController.swift in Sources */,
				1AE658D22C4861DF0048B1D1 /* AuthViewController.swift in Sources */,
				1AE658EC2C4863960048B1D1 /* UserProfile.swift in Sources */,
				1AD0CC292C48348600095518 /* AppDelegate.swift in Sources */,
				1AE658EA2C48638C0048B1D1 /* Artist.swift in Sources */,
				1AE658CD2C4860A20048B1D1 /* LibraryViewController.swift in Sources */,
				1AE658DC2C4862A80048B1D1 /* PlaylistViewController.swift in Sources */,
				1AD0CC2B2C48348600095518 /* SceneDelegate.swift in Sources */,
				1AE658DA2C48628A0048B1D1 /* PlayerViewController.swift in Sources */,
				1AE658D62C48624C0048B1D1 /* SettingsViewController.swift in Sources */,
			);
			runOnlyForDeploymentPostprocessing = 0;
		};
/* End PBXSourcesBuildPhase section */

/* Begin PBXVariantGroup section */
		1AD0CC332C48348C00095518 /* LaunchScreen.storyboard */ = {
			isa = PBXVariantGroup;
			children = (
				1AD0CC342C48348C00095518 /* Base */,
			);
			name = LaunchScreen.storyboard;
			sourceTree = "<group>";
		};
/* End PBXVariantGroup section */

/* Begin XCBuildConfiguration section */
		1AD0CC372C48348C00095518 /* Debug */ = {
			isa = XCBuildConfiguration;
			buildSettings = {
				ALWAYS_SEARCH_USER_PATHS = NO;
				ASSETCATALOG_COMPILER_GENERATE_SWIFT_ASSET_SYMBOL_EXTENSIONS = YES;
				CLANG_ANALYZER_NONNULL = YES;
				CLANG_ANALYZER_NUMBER_OBJECT_CONVERSION = YES_AGGRESSIVE;
				CLANG_CXX_LANGUAGE_STANDARD = "gnu++20";
				CLANG_ENABLE_MODULES = YES;
				CLANG_ENABLE_OBJC_ARC = YES;
				CLANG_ENABLE_OBJC_WEAK = YES;
				CLANG_WARN_BLOCK_CAPTURE_AUTORELEASING = YES;
				CLANG_WARN_BOOL_CONVERSION = YES;
				CLANG_WARN_COMMA = YES;
				CLANG_WARN_CONSTANT_CONVERSION = YES;
				CLANG_WARN_DEPRECATED_OBJC_IMPLEMENTATIONS = YES;
				CLANG_WARN_DIRECT_OBJC_ISA_USAGE = YES_ERROR;
				CLANG_WARN_DOCUMENTATION_COMMENTS = YES;
				CLANG_WARN_EMPTY_BODY = YES;
				CLANG_WARN_ENUM_CONVERSION = YES;
				CLANG_WARN_INFINITE_RECURSION = YES;
				CLANG_WARN_INT_CONVERSION = YES;
				CLANG_WARN_NON_LITERAL_NULL_CONVERSION = YES;
				CLANG_WARN_OBJC_IMPLICIT_RETAIN_SELF = YES;
				CLANG_WARN_OBJC_LITERAL_CONVERSION = YES;
				CLANG_WARN_OBJC_ROOT_CLASS = YES_ERROR;
				CLANG_WARN_QUOTED_INCLUDE_IN_FRAMEWORK_HEADER = YES;
				CLANG_WARN_RANGE_LOOP_ANALYSIS = YES;
				CLANG_WARN_STRICT_PROTOTYPES = YES;
				CLANG_WARN_SUSPICIOUS_MOVE = YES;
				CLANG_WARN_UNGUARDED_AVAILABILITY = YES_AGGRESSIVE;
				CLANG_WARN_UNREACHABLE_CODE = YES;
				CLANG_WARN__DUPLICATE_METHOD_MATCH = YES;
				COPY_PHASE_STRIP = NO;
				DEBUG_INFORMATION_FORMAT = dwarf;
				ENABLE_STRICT_OBJC_MSGSEND = YES;
				ENABLE_TESTABILITY = YES;
				ENABLE_USER_SCRIPT_SANDBOXING = YES;
				GCC_C_LANGUAGE_STANDARD = gnu17;
				GCC_DYNAMIC_NO_PIC = NO;
				GCC_NO_COMMON_BLOCKS = YES;
				GCC_OPTIMIZATION_LEVEL = 0;
				GCC_PREPROCESSOR_DEFINITIONS = (
					"DEBUG=1",
					"$(inherited)",
				);
				GCC_WARN_64_TO_32_BIT_CONVERSION = YES;
				GCC_WARN_ABOUT_RETURN_TYPE = YES_ERROR;
				GCC_WARN_UNDECLARED_SELECTOR = YES;
				GCC_WARN_UNINITIALIZED_AUTOS = YES_AGGRESSIVE;
				GCC_WARN_UNUSED_FUNCTION = YES;
				GCC_WARN_UNUSED_VARIABLE = YES;
				IPHONEOS_DEPLOYMENT_TARGET = 17.5;
				LOCALIZATION_PREFERS_STRING_CATALOGS = YES;
				MTL_ENABLE_DEBUG_INFO = INCLUDE_SOURCE;
				MTL_FAST_MATH = YES;
				ONLY_ACTIVE_ARCH = YES;
				SDKROOT = iphoneos;
				SWIFT_ACTIVE_COMPILATION_CONDITIONS = "DEBUG $(inherited)";
				SWIFT_OPTIMIZATION_LEVEL = "-Onone";
			};
			name = Debug;
		};
		1AD0CC382C48348C00095518 /* Release */ = {
			isa = XCBuildConfiguration;
			buildSettings = {
				ALWAYS_SEARCH_USER_PATHS = NO;
				ASSETCATALOG_COMPILER_GENERATE_SWIFT_ASSET_SYMBOL_EXTENSIONS = YES;
				CLANG_ANALYZER_NONNULL = YES;
				CLANG_ANALYZER_NUMBER_OBJECT_CONVERSION = YES_AGGRESSIVE;
				CLANG_CXX_LANGUAGE_STANDARD = "gnu++20";
				CLANG_ENABLE_MODULES = YES;
				CLANG_ENABLE_OBJC_ARC = YES;
				CLANG_ENABLE_OBJC_WEAK = YES;
				CLANG_WARN_BLOCK_CAPTURE_AUTORELEASING = YES;
				CLANG_WARN_BOOL_CONVERSION = YES;
				CLANG_WARN_COMMA = YES;
				CLANG_WARN_CONSTANT_CONVERSION = YES;
				CLANG_WARN_DEPRECATED_OBJC_IMPLEMENTATIONS = YES;
				CLANG_WARN_DIRECT_OBJC_ISA_USAGE = YES_ERROR;
				CLANG_WARN_DOCUMENTATION_COMMENTS = YES;
				CLANG_WARN_EMPTY_BODY = YES;
				CLANG_WARN_ENUM_CONVERSION = YES;
				CLANG_WARN_INFINITE_RECURSION = YES;
				CLANG_WARN_INT_CONVERSION = YES;
				CLANG_WARN_NON_LITERAL_NULL_CONVERSION = YES;
				CLANG_WARN_OBJC_IMPLICIT_RETAIN_SELF = YES;
				CLANG_WARN_OBJC_LITERAL_CONVERSION = YES;
				CLANG_WARN_OBJC_ROOT_CLASS = YES_ERROR;
				CLANG_WARN_QUOTED_INCLUDE_IN_FRAMEWORK_HEADER = YES;
				CLANG_WARN_RANGE_LOOP_ANALYSIS = YES;
				CLANG_WARN_STRICT_PROTOTYPES = YES;
				CLANG_WARN_SUSPICIOUS_MOVE = YES;
				CLANG_WARN_UNGUARDED_AVAILABILITY = YES_AGGRESSIVE;
				CLANG_WARN_UNREACHABLE_CODE = YES;
				CLANG_WARN__DUPLICATE_METHOD_MATCH = YES;
				COPY_PHASE_STRIP = NO;
				DEBUG_INFORMATION_FORMAT = "dwarf-with-dsym";
				ENABLE_NS_ASSERTIONS = NO;
				ENABLE_STRICT_OBJC_MSGSEND = YES;
				ENABLE_USER_SCRIPT_SANDBOXING = YES;
				GCC_C_LANGUAGE_STANDARD = gnu17;
				GCC_NO_COMMON_BLOCKS = YES;
				GCC_WARN_64_TO_32_BIT_CONVERSION = YES;
				GCC_WARN_ABOUT_RETURN_TYPE = YES_ERROR;
				GCC_WARN_UNDECLARED_SELECTOR = YES;
				GCC_WARN_UNINITIALIZED_AUTOS = YES_AGGRESSIVE;
				GCC_WARN_UNUSED_FUNCTION = YES;
				GCC_WARN_UNUSED_VARIABLE = YES;
				IPHONEOS_DEPLOYMENT_TARGET = 17.5;
				LOCALIZATION_PREFERS_STRING_CATALOGS = YES;
				MTL_ENABLE_DEBUG_INFO = NO;
				MTL_FAST_MATH = YES;
				SDKROOT = iphoneos;
				SWIFT_COMPILATION_MODE = wholemodule;
				VALIDATE_PRODUCT = YES;
			};
			name = Release;
		};
		1AD0CC3A2C48348C00095518 /* Debug */ = {
			isa = XCBuildConfiguration;
			buildSettings = {
				ASSETCATALOG_COMPILER_APPICON_NAME = AppIcon;
				ASSETCATALOG_COMPILER_GLOBAL_ACCENT_COLOR_NAME = AccentColor;
				CODE_SIGN_STYLE = Automatic;
				CURRENT_PROJECT_VERSION = 1;
				DEVELOPMENT_TEAM = KXKJVBT4XP;
				GENERATE_INFOPLIST_FILE = YES;
				INFOPLIST_FILE = SpotifyClone/Info.plist;
				INFOPLIST_KEY_UIApplicationSupportsIndirectInputEvents = YES;
				INFOPLIST_KEY_UILaunchStoryboardName = LaunchScreen;
				INFOPLIST_KEY_UIMainStoryboardFile = Main;
				INFOPLIST_KEY_UISupportedInterfaceOrientations_iPad = "UIInterfaceOrientationPortrait UIInterfaceOrientationPortraitUpsideDown UIInterfaceOrientationLandscapeLeft UIInterfaceOrientationLandscapeRight";
				INFOPLIST_KEY_UISupportedInterfaceOrientations_iPhone = "UIInterfaceOrientationPortrait UIInterfaceOrientationLandscapeLeft UIInterfaceOrientationLandscapeRight";
				LD_RUNPATH_SEARCH_PATHS = (
					"$(inherited)",
					"@executable_path/Frameworks",
				);
				MARKETING_VERSION = 1.0;
				PRODUCT_BUNDLE_IDENTIFIER = dev.saimoncode.SpotifyClone;
				PRODUCT_NAME = "$(TARGET_NAME)";
				SWIFT_EMIT_LOC_STRINGS = YES;
				SWIFT_VERSION = 5.0;
				TARGETED_DEVICE_FAMILY = "1,2";
			};
			name = Debug;
		};
		1AD0CC3B2C48348C00095518 /* Release */ = {
			isa = XCBuildConfiguration;
			buildSettings = {
				ASSETCATALOG_COMPILER_APPICON_NAME = AppIcon;
				ASSETCATALOG_COMPILER_GLOBAL_ACCENT_COLOR_NAME = AccentColor;
				CODE_SIGN_STYLE = Automatic;
				CURRENT_PROJECT_VERSION = 1;
				DEVELOPMENT_TEAM = KXKJVBT4XP;
				GENERATE_INFOPLIST_FILE = YES;
				INFOPLIST_FILE = SpotifyClone/Info.plist;
				INFOPLIST_KEY_UIApplicationSupportsIndirectInputEvents = YES;
				INFOPLIST_KEY_UILaunchStoryboardName = LaunchScreen;
				INFOPLIST_KEY_UIMainStoryboardFile = Main;
				INFOPLIST_KEY_UISupportedInterfaceOrientations_iPad = "UIInterfaceOrientationPortrait UIInterfaceOrientationPortraitUpsideDown UIInterfaceOrientationLandscapeLeft UIInterfaceOrientationLandscapeRight";
				INFOPLIST_KEY_UISupportedInterfaceOrientations_iPhone = "UIInterfaceOrientationPortrait UIInterfaceOrientationLandscapeLeft UIInterfaceOrientationLandscapeRight";
				LD_RUNPATH_SEARCH_PATHS = (
					"$(inherited)",
					"@executable_path/Frameworks",
				);
				MARKETING_VERSION = 1.0;
				PRODUCT_BUNDLE_IDENTIFIER = dev.saimoncode.SpotifyClone;
				PRODUCT_NAME = "$(TARGET_NAME)";
				SWIFT_EMIT_LOC_STRINGS = YES;
				SWIFT_VERSION = 5.0;
				TARGETED_DEVICE_FAMILY = "1,2";
			};
			name = Release;
		};
/* End XCBuildConfiguration section */

/* Begin XCConfigurationList section */
		1AD0CC202C48348600095518 /* Build configuration list for PBXProject "SpotifyClone" */ = {
			isa = XCConfigurationList;
			buildConfigurations = (
				1AD0CC372C48348C00095518 /* Debug */,
				1AD0CC382C48348C00095518 /* Release */,
			);
			defaultConfigurationIsVisible = 0;
			defaultConfigurationName = Release;
		};
		1AD0CC392C48348C00095518 /* Build configuration list for PBXNativeTarget "SpotifyClone" */ = {
			isa = XCConfigurationList;
			buildConfigurations = (
				1AD0CC3A2C48348C00095518 /* Debug */,
				1AD0CC3B2C48348C00095518 /* Release */,
			);
			defaultConfigurationIsVisible = 0;
			defaultConfigurationName = Release;
		};
/* End XCConfigurationList section */
	};
	rootObject = 1AD0CC1D2C48348600095518 /* Project object */;
}
